
Microsoft Visual Studio Solution File, Format Version 12.00
# Visual Studio Version 16
VisualStudioVersion = 16.0.29806.167
MinimumVisualStudioVersion = 10.0.40219.1
Project("{9A19103F-16F7-4668-BE54-9A1E7A4F7556}") = "CustomerApplication.API", "CustomerApplicationAPI\CustomerApplication.API.csproj", "{ADEAA64C-ED51-49AE-A082-735D20CC24F8}"
	ProjectSection(ProjectDependencies) = postProject
		{3E11E0B4-9B46-457C-AD06-C8B4CC9C6F69} = {3E11E0B4-9B46-457C-AD06-C8B4CC9C6F69}
	EndProjectSection
EndProject
Project("{9A19103F-16F7-4668-BE54-9A1E7A4F7556}") = "CustomerApplication.DataAccess", "CustomerApplication.DataAccess\CustomerApplication.DataAccess\CustomerApplication.DataAccess.csproj", "{3E11E0B4-9B46-457C-AD06-C8B4CC9C6F69}"
	ProjectSection(ProjectDependencies) = postProject
		{1DA1D5DB-C486-40C2-9518-33BAC10D7CBE} = {1DA1D5DB-C486-40C2-9518-33BAC10D7CBE}
	EndProjectSection
EndProject
Project("{9A19103F-16F7-4668-BE54-9A1E7A4F7556}") = "CustomerApplication.Model", "CustomerApplication.Models\CustomerApplication.Model\CustomerApplication.Model.csproj", "{1DA1D5DB-C486-40C2-9518-33BAC10D7CBE}"
EndProject
Project("{FAE04EC0-301F-11D3-BF4B-00C04F79EFBC}") = "App1", "App1\App1\App1.csproj", "{0B52CB7C-A853-4AF9-BBAC-F9271669A1EF}"
EndProject
Project("{9A19103F-16F7-4668-BE54-9A1E7A4F7556}") = "App1.Core", "App1\App1.Core\App1.Core.csproj", "{08F53DBE-A169-4F5C-BF83-F7AF85816672}"
EndProject
Project("{FAE04EC0-301F-11D3-BF4B-00C04F79EFBC}") = "CustomerApplication.GUI", "CustomerApplication.GUI\CustomerApplication.GUI\CustomerApplication.GUI.csproj", "{20C44F84-D062-4DC7-89D3-F06BFBDD4252}"
EndProject
Project("{9A19103F-16F7-4668-BE54-9A1E7A4F7556}") = "CustomerApplication.GUI.Core", "CustomerApplication.GUI\CustomerApplication.GUI.Core\CustomerApplication.GUI.Core.csproj", "{6A1A2FEA-AED7-4D6C-A058-8802940F6D20}"
EndProject
Global
	GlobalSection(SolutionConfigurationPlatforms) = preSolution
		Debug|Any CPU = Debug|Any CPU
		Debug|ARM = Debug|ARM
		Debug|ARM64 = Debug|ARM64
		Debug|x64 = Debug|x64
		Debug|x86 = Debug|x86
		Release|Any CPU = Release|Any CPU
		Release|ARM = Release|ARM
		Release|ARM64 = Release|ARM64
		Release|x64 = Release|x64
		Release|x86 = Release|x86
	EndGlobalSection
	GlobalSection(ProjectConfigurationPlatforms) = postSolution
		{ADEAA64C-ED51-49AE-A082-735D20CC24F8}.Debug|Any CPU.ActiveCfg = Debug|Any CPU
		{ADEAA64C-ED51-49AE-A082-735D20CC24F8}.Debug|Any CPU.Build.0 = Debug|Any CPU
		{ADEAA64C-ED51-49AE-A082-735D20CC24F8}.Debug|ARM.ActiveCfg = Debug|Any CPU
		{ADEAA64C-ED51-49AE-A082-735D20CC24F8}.Debug|ARM.Build.0 = Debug|Any CPU
		{ADEAA64C-ED51-49AE-A082-735D20CC24F8}.Debug|ARM64.ActiveCfg = Debug|Any CPU
		{ADEAA64C-ED51-49AE-A082-735D20CC24F8}.Debug|ARM64.Build.0 = Debug|Any CPU
		{ADEAA64C-ED51-49AE-A082-735D20CC24F8}.Debug|x64.ActiveCfg = Debug|Any CPU
		{ADEAA64C-ED51-49AE-A082-735D20CC24F8}.Debug|x64.Build.0 = Debug|Any CPU
		{ADEAA64C-ED51-49AE-A082-735D20CC24F8}.Debug|x86.ActiveCfg = Debug|Any CPU
		{ADEAA64C-ED51-49AE-A082-735D20CC24F8}.Debug|x86.Build.0 = Debug|Any CPU
		{ADEAA64C-ED51-49AE-A082-735D20CC24F8}.Release|Any CPU.ActiveCfg = Release|Any CPU
		{ADEAA64C-ED51-49AE-A082-735D20CC24F8}.Release|Any CPU.Build.0 = Release|Any CPU
		{ADEAA64C-ED51-49AE-A082-735D20CC24F8}.Release|ARM.ActiveCfg = Release|Any CPU
		{ADEAA64C-ED51-49AE-A082-735D20CC24F8}.Release|ARM.Build.0 = Release|Any CPU
		{ADEAA64C-ED51-49AE-A082-735D20CC24F8}.Release|ARM64.ActiveCfg = Release|Any CPU
		{ADEAA64C-ED51-49AE-A082-735D20CC24F8}.Release|ARM64.Build.0 = Release|Any CPU
		{ADEAA64C-ED51-49AE-A082-735D20CC24F8}.Release|x64.ActiveCfg = Release|Any CPU
		{ADEAA64C-ED51-49AE-A082-735D20CC24F8}.Release|x64.Build.0 = Release|Any CPU
		{ADEAA64C-ED51-49AE-A082-735D20CC24F8}.Release|x86.ActiveCfg = Release|Any CPU
		{ADEAA64C-ED51-49AE-A082-735D20CC24F8}.Release|x86.Build.0 = Release|Any CPU
		{3E11E0B4-9B46-457C-AD06-C8B4CC9C6F69}.Debug|Any CPU.ActiveCfg = Debug|Any CPU
		{3E11E0B4-9B46-457C-AD06-C8B4CC9C6F69}.Debug|Any CPU.Build.0 = Debug|Any CPU
		{3E11E0B4-9B46-457C-AD06-C8B4CC9C6F69}.Debug|ARM.ActiveCfg = Debug|Any CPU
		{3E11E0B4-9B46-457C-AD06-C8B4CC9C6F69}.Debug|ARM.Build.0 = Debug|Any CPU
		{3E11E0B4-9B46-457C-AD06-C8B4CC9C6F69}.Debug|ARM64.ActiveCfg = Debug|Any CPU
		{3E11E0B4-9B46-457C-AD06-C8B4CC9C6F69}.Debug|ARM64.Build.0 = Debug|Any CPU
		{3E11E0B4-9B46-457C-AD06-C8B4CC9C6F69}.Debug|x64.ActiveCfg = Debug|Any CPU
		{3E11E0B4-9B46-457C-AD06-C8B4CC9C6F69}.Debug|x64.Build.0 = Debug|Any CPU
		{3E11E0B4-9B46-457C-AD06-C8B4CC9C6F69}.Debug|x86.ActiveCfg = Debug|Any CPU
		{3E11E0B4-9B46-457C-AD06-C8B4CC9C6F69}.Debug|x86.Build.0 = Debug|Any CPU
		{3E11E0B4-9B46-457C-AD06-C8B4CC9C6F69}.Release|Any CPU.ActiveCfg = Release|Any CPU
		{3E11E0B4-9B46-457C-AD06-C8B4CC9C6F69}.Release|Any CPU.Build.0 = Release|Any CPU
		{3E11E0B4-9B46-457C-AD06-C8B4CC9C6F69}.Release|ARM.ActiveCfg = Release|Any CPU
		{3E11E0B4-9B46-457C-AD06-C8B4CC9C6F69}.Release|ARM.Build.0 = Release|Any CPU
		{3E11E0B4-9B46-457C-AD06-C8B4CC9C6F69}.Release|ARM64.ActiveCfg = Release|Any CPU
		{3E11E0B4-9B46-457C-AD06-C8B4CC9C6F69}.Release|ARM64.Build.0 = Release|Any CPU
		{3E11E0B4-9B46-457C-AD06-C8B4CC9C6F69}.Release|x64.ActiveCfg = Release|Any CPU
		{3E11E0B4-9B46-457C-AD06-C8B4CC9C6F69}.Release|x64.Build.0 = Release|Any CPU
		{3E11E0B4-9B46-457C-AD06-C8B4CC9C6F69}.Release|x86.ActiveCfg = Release|Any CPU
		{3E11E0B4-9B46-457C-AD06-C8B4CC9C6F69}.Release|x86.Build.0 = Release|Any CPU
		{1DA1D5DB-C486-40C2-9518-33BAC10D7CBE}.Debug|Any CPU.ActiveCfg = Debug|Any CPU
		{1DA1D5DB-C486-40C2-9518-33BAC10D7CBE}.Debug|Any CPU.Build.0 = Debug|Any CPU
		{1DA1D5DB-C486-40C2-9518-33BAC10D7CBE}.Debug|ARM.ActiveCfg = Debug|Any CPU
		{1DA1D5DB-C486-40C2-9518-33BAC10D7CBE}.Debug|ARM.Build.0 = Debug|Any CPU
		{1DA1D5DB-C486-40C2-9518-33BAC10D7CBE}.Debug|ARM64.ActiveCfg = Debug|Any CPU
		{1DA1D5DB-C486-40C2-9518-33BAC10D7CBE}.Debug|ARM64.Build.0 = Debug|Any CPU
		{1DA1D5DB-C486-40C2-9518-33BAC10D7CBE}.Debug|x64.ActiveCfg = Debug|Any CPU
		{1DA1D5DB-C486-40C2-9518-33BAC10D7CBE}.Debug|x64.Build.0 = Debug|Any CPU
		{1DA1D5DB-C486-40C2-9518-33BAC10D7CBE}.Debug|x86.ActiveCfg = Debug|Any CPU
		{1DA1D5DB-C486-40C2-9518-33BAC10D7CBE}.Debug|x86.Build.0 = Debug|Any CPU
		{1DA1D5DB-C486-40C2-9518-33BAC10D7CBE}.Release|Any CPU.ActiveCfg = Release|Any CPU
		{1DA1D5DB-C486-40C2-9518-33BAC10D7CBE}.Release|Any CPU.Build.0 = Release|Any CPU
		{1DA1D5DB-C486-40C2-9518-33BAC10D7CBE}.Release|ARM.ActiveCfg = Release|Any CPU
		{1DA1D5DB-C486-40C2-9518-33BAC10D7CBE}.Release|ARM.Build.0 = Release|Any CPU
		{1DA1D5DB-C486-40C2-9518-33BAC10D7CBE}.Release|ARM64.ActiveCfg = Release|Any CPU
		{1DA1D5DB-C486-40C2-9518-33BAC10D7CBE}.Release|ARM64.Build.0 = Release|Any CPU
		{1DA1D5DB-C486-40C2-9518-33BAC10D7CBE}.Release|x64.ActiveCfg = Release|Any CPU
		{1DA1D5DB-C486-40C2-9518-33BAC10D7CBE}.Release|x64.Build.0 = Release|Any CPU
		{1DA1D5DB-C486-40C2-9518-33BAC10D7CBE}.Release|x86.ActiveCfg = Release|Any CPU
		{1DA1D5DB-C486-40C2-9518-33BAC10D7CBE}.Release|x86.Build.0 = Release|Any CPU
		{0B52CB7C-A853-4AF9-BBAC-F9271669A1EF}.Debug|Any CPU.ActiveCfg = Debug|x86
		{0B52CB7C-A853-4AF9-BBAC-F9271669A1EF}.Debug|ARM.ActiveCfg = Debug|ARM
		{0B52CB7C-A853-4AF9-BBAC-F9271669A1EF}.Debug|ARM.Build.0 = Debug|ARM
		{0B52CB7C-A853-4AF9-BBAC-F9271669A1EF}.Debug|ARM.Deploy.0 = Debug|ARM
		{0B52CB7C-A853-4AF9-BBAC-F9271669A1EF}.Debug|ARM64.ActiveCfg = Debug|ARM64
		{0B52CB7C-A853-4AF9-BBAC-F9271669A1EF}.Debug|ARM64.Build.0 = Debug|ARM64
		{0B52CB7C-A853-4AF9-BBAC-F9271669A1EF}.Debug|ARM64.Deploy.0 = Debug|ARM64
		{0B52CB7C-A853-4AF9-BBAC-F9271669A1EF}.Debug|x64.ActiveCfg = Debug|x64
		{0B52CB7C-A853-4AF9-BBAC-F9271669A1EF}.Debug|x64.Build.0 = Debug|x64
		{0B52CB7C-A853-4AF9-BBAC-F9271669A1EF}.Debug|x64.Deploy.0 = Debug|x64
		{0B52CB7C-A853-4AF9-BBAC-F9271669A1EF}.Debug|x86.ActiveCfg = Debug|x86
		{0B52CB7C-A853-4AF9-BBAC-F9271669A1EF}.Debug|x86.Build.0 = Debug|x86
		{0B52CB7C-A853-4AF9-BBAC-F9271669A1EF}.Debug|x86.Deploy.0 = Debug|x86
		{0B52CB7C-A853-4AF9-BBAC-F9271669A1EF}.Release|Any CPU.ActiveCfg = Release|x86
		{0B52CB7C-A853-4AF9-BBAC-F9271669A1EF}.Release|ARM.ActiveCfg = Release|ARM
		{0B52CB7C-A853-4AF9-BBAC-F9271669A1EF}.Release|ARM.Build.0 = Release|ARM
		{0B52CB7C-A853-4AF9-BBAC-F9271669A1EF}.Release|ARM.Deploy.0 = Release|ARM
		{0B52CB7C-A853-4AF9-BBAC-F9271669A1EF}.Release|ARM64.ActiveCfg = Release|ARM64
		{0B52CB7C-A853-4AF9-BBAC-F9271669A1EF}.Release|ARM64.Build.0 = Release|ARM64
		{0B52CB7C-A853-4AF9-BBAC-F9271669A1EF}.Release|ARM64.Deploy.0 = Release|ARM64
		{0B52CB7C-A853-4AF9-BBAC-F9271669A1EF}.Release|x64.ActiveCfg = Release|x64
		{0B52CB7C-A853-4AF9-BBAC-F9271669A1EF}.Release|x64.Build.0 = Release|x64
		{0B52CB7C-A853-4AF9-BBAC-F9271669A1EF}.Release|x64.Deploy.0 = Release|x64
		{0B52CB7C-A853-4AF9-BBAC-F9271669A1EF}.Release|x86.ActiveCfg = Release|x86
		{0B52CB7C-A853-4AF9-BBAC-F9271669A1EF}.Release|x86.Build.0 = Release|x86
		{0B52CB7C-A853-4AF9-BBAC-F9271669A1EF}.Release|x86.Deploy.0 = Release|x86
		{08F53DBE-A169-4F5C-BF83-F7AF85816672}.Debug|Any CPU.ActiveCfg = Debug|Any CPU
		{08F53DBE-A169-4F5C-BF83-F7AF85816672}.Debug|Any CPU.Build.0 = Debug|Any CPU
		{08F53DBE-A169-4F5C-BF83-F7AF85816672}.Debug|ARM.ActiveCfg = Debug|Any CPU
		{08F53DBE-A169-4F5C-BF83-F7AF85816672}.Debug|ARM.Build.0 = Debug|Any CPU
		{08F53DBE-A169-4F5C-BF83-F7AF85816672}.Debug|ARM64.ActiveCfg = Debug|Any CPU
		{08F53DBE-A169-4F5C-BF83-F7AF85816672}.Debug|ARM64.Build.0 = Debug|Any CPU
		{08F53DBE-A169-4F5C-BF83-F7AF85816672}.Debug|x64.ActiveCfg = Debug|Any CPU
		{08F53DBE-A169-4F5C-BF83-F7AF85816672}.Debug|x64.Build.0 = Debug|Any CPU
		{08F53DBE-A169-4F5C-BF83-F7AF85816672}.Debug|x86.ActiveCfg = Debug|Any CPU
		{08F53DBE-A169-4F5C-BF83-F7AF85816672}.Debug|x86.Build.0 = Debug|Any CPU
		{08F53DBE-A169-4F5C-BF83-F7AF85816672}.Release|Any CPU.ActiveCfg = Release|Any CPU
		{08F53DBE-A169-4F5C-BF83-F7AF85816672}.Release|Any CPU.Build.0 = Release|Any CPU
		{08F53DBE-A169-4F5C-BF83-F7AF85816672}.Release|ARM.ActiveCfg = Release|Any CPU
		{08F53DBE-A169-4F5C-BF83-F7AF85816672}.Release|ARM.Build.0 = Release|Any CPU
		{08F53DBE-A169-4F5C-BF83-F7AF85816672}.Release|ARM64.ActiveCfg = Release|Any CPU
		{08F53DBE-A169-4F5C-BF83-F7AF85816672}.Release|ARM64.Build.0 = Release|Any CPU
		{08F53DBE-A169-4F5C-BF83-F7AF85816672}.Release|x64.ActiveCfg = Release|Any CPU
		{08F53DBE-A169-4F5C-BF83-F7AF85816672}.Release|x64.Build.0 = Release|Any CPU
		{08F53DBE-A169-4F5C-BF83-F7AF85816672}.Release|x86.ActiveCfg = Release|Any CPU
		{08F53DBE-A169-4F5C-BF83-F7AF85816672}.Release|x86.Build.0 = Release|Any CPU
		{20C44F84-D062-4DC7-89D3-F06BFBDD4252}.Debug|Any CPU.ActiveCfg = Debug|x86
		{20C44F84-D062-4DC7-89D3-F06BFBDD4252}.Debug|ARM.ActiveCfg = Debug|ARM
		{20C44F84-D062-4DC7-89D3-F06BFBDD4252}.Debug|ARM.Build.0 = Debug|ARM
		{20C44F84-D062-4DC7-89D3-F06BFBDD4252}.Debug|ARM.Deploy.0 = Debug|ARM
		{20C44F84-D062-4DC7-89D3-F06BFBDD4252}.Debug|ARM64.ActiveCfg = Debug|ARM64
		{20C44F84-D062-4DC7-89D3-F06BFBDD4252}.Debug|ARM64.Build.0 = Debug|ARM64
		{20C44F84-D062-4DC7-89D3-F06BFBDD4252}.Debug|ARM64.Deploy.0 = Debug|ARM64
		{20C44F84-D062-4DC7-89D3-F06BFBDD4252}.Debug|x64.ActiveCfg = Debug|x64
		{20C44F84-D062-4DC7-89D3-F06BFBDD4252}.Debug|x64.Build.0 = Debug|x64
		{20C44F84-D062-4DC7-89D3-F06BFBDD4252}.Debug|x64.Deploy.0 = Debug|x64
		{20C44F84-D062-4DC7-89D3-F06BFBDD4252}.Debug|x86.ActiveCfg = Debug|x86
		{20C44F84-D062-4DC7-89D3-F06BFBDD4252}.Debug|x86.Build.0 = Debug|x86
		{20C44F84-D062-4DC7-89D3-F06BFBDD4252}.Debug|x86.Deploy.0 = Debug|x86
		{20C44F84-D062-4DC7-89D3-F06BFBDD4252}.Release|Any CPU.ActiveCfg = Release|x86
		{20C44F84-D062-4DC7-89D3-F06BFBDD4252}.Release|ARM.ActiveCfg = Release|ARM
		{20C44F84-D062-4DC7-89D3-F06BFBDD4252}.Release|ARM.Build.0 = Release|ARM
		{20C44F84-D062-4DC7-89D3-F06BFBDD4252}.Release|ARM.Deploy.0 = Release|ARM
		{20C44F84-D062-4DC7-89D3-F06BFBDD4252}.Release|ARM64.ActiveCfg = Release|ARM64
		{20C44F84-D062-4DC7-89D3-F06BFBDD4252}.Release|ARM64.Build.0 = Release|ARM64
		{20C44F84-D062-4DC7-89D3-F06BFBDD4252}.Release|ARM64.Deploy.0 = Release|ARM64
		{20C44F84-D062-4DC7-89D3-F06BFBDD4252}.Release|x64.ActiveCfg = Release|x64
		{20C44F84-D062-4DC7-89D3-F06BFBDD4252}.Release|x64.Build.0 = Release|x64
		{20C44F84-D062-4DC7-89D3-F06BFBDD4252}.Release|x64.Deploy.0 = Release|x64
		{20C44F84-D062-4DC7-89D3-F06BFBDD4252}.Release|x86.ActiveCfg = Release|x86
		{20C44F84-D062-4DC7-89D3-F06BFBDD4252}.Release|x86.Build.0 = Release|x86
		{20C44F84-D062-4DC7-89D3-F06BFBDD4252}.Release|x86.Deploy.0 = Release|x86
		{6A1A2FEA-AED7-4D6C-A058-8802940F6D20}.Debug|Any CPU.ActiveCfg = Debug|Any CPU
		{6A1A2FEA-AED7-4D6C-A058-8802940F6D20}.Debug|Any CPU.Build.0 = Debug|Any CPU
		{6A1A2FEA-AED7-4D6C-A058-8802940F6D20}.Debug|ARM.ActiveCfg = Debug|Any CPU
		{6A1A2FEA-AED7-4D6C-A058-8802940F6D20}.Debug|ARM.Build.0 = Debug|Any CPU
		{6A1A2FEA-AED7-4D6C-A058-8802940F6D20}.Debug|ARM64.ActiveCfg = Debug|Any CPU
		{6A1A2FEA-AED7-4D6C-A058-8802940F6D20}.Debug|ARM64.Build.0 = Debug|Any CPU
		{6A1A2FEA-AED7-4D6C-A058-8802940F6D20}.Debug|x64.ActiveCfg = Debug|Any CPU
		{6A1A2FEA-AED7-4D6C-A058-8802940F6D20}.Debug|x64.Build.0 = Debug|Any CPU
		{6A1A2FEA-AED7-4D6C-A058-8802940F6D20}.Debug|x86.ActiveCfg = Debug|Any CPU
		{6A1A2FEA-AED7-4D6C-A058-8802940F6D20}.Debug|x86.Build.0 = Debug|Any CPU
		{6A1A2FEA-AED7-4D6C-A058-8802940F6D20}.Release|Any CPU.ActiveCfg = Release|Any CPU
		{6A1A2FEA-AED7-4D6C-A058-8802940F6D20}.Release|Any CPU.Build.0 = Release|Any CPU
		{6A1A2FEA-AED7-4D6C-A058-8802940F6D20}.Release|ARM.ActiveCfg = Release|Any CPU
		{6A1A2FEA-AED7-4D6C-A058-8802940F6D20}.Release|ARM.Build.0 = Release|Any CPU
		{6A1A2FEA-AED7-4D6C-A058-8802940F6D20}.Release|ARM64.ActiveCfg = Release|Any CPU
		{6A1A2FEA-AED7-4D6C-A058-8802940F6D20}.Release|ARM64.Build.0 = Release|Any CPU
		{6A1A2FEA-AED7-4D6C-A058-8802940F6D20}.Release|x64.ActiveCfg = Release|Any CPU
		{6A1A2FEA-AED7-4D6C-A058-8802940F6D20}.Release|x64.Build.0 = Release|Any CPU
		{6A1A2FEA-AED7-4D6C-A058-8802940F6D20}.Release|x86.ActiveCfg = Release|Any CPU
		{6A1A2FEA-AED7-4D6C-A058-8802940F6D20}.Release|x86.Build.0 = Release|Any CPU
	EndGlobalSection
	GlobalSection(SolutionProperties) = preSolution
		HideSolutionNode = FALSE
	EndGlobalSection
	GlobalSection(ExtensibilityGlobals) = postSolution
		SolutionGuid = {9BBF1D21-D539-4F99-AA7F-92F44B6BD570}
	EndGlobalSection
EndGlobal
